
Microsoft Visual Studio Solution File, Format Version 12.00
# Visual Studio Version 16
VisualStudioVersion = 16.0.30204.135
MinimumVisualStudioVersion = 10.0.40219.1
Project("{FAE04EC0-301F-11D3-BF4B-00C04F79EFBC}") = "MockAssessment2A", "MockAssessment2A\MockAssessment2A.csproj", "{01A68674-B012-46E9-B6A9-925F870B11D7}"
EndProject
Global
	GlobalSection(SolutionConfigurationPlatforms) = preSolution
		Debug|Any CPU = Debug|Any CPU
		Release|Any CPU = Release|Any CPU
	EndGlobalSection
	GlobalSection(ProjectConfigurationPlatforms) = postSolution
		{01A68674-B012-46E9-B6A9-925F870B11D7}.Debug|Any CPU.ActiveCfg = Debug|Any CPU
		{01A68674-B012-46E9-B6A9-925F870B11D7}.Debug|Any CPU.Build.0 = Debug|Any CPU
		{01A68674-B012-46E9-B6A9-925F870B11D7}.Release|Any CPU.ActiveCfg = Release|Any CPU
		{01A68674-B012-46E9-B6A9-925F870B11D7}.Release|Any CPU.Build.0 = Release|Any CPU
	EndGlobalSection
	GlobalSection(SolutionProperties) = preSolution
		HideSolutionNode = FALSE
	EndGlobalSection
	GlobalSection(ExtensibilityGlobals) = postSolution
		SolutionGuid = {CE2F9BB9-E6F6-4AED-B19A-A08E0504CD06}
	EndGlobalSection
EndGlobal
